
Microsoft Visual Studio Solution File, Format Version 12.00
# Visual Studio Version 16
VisualStudioVersion = 16.0.28803.452
MinimumVisualStudioVersion = 10.0.40219.1
Project("{9A19103F-16F7-4668-BE54-9A1E7A4F7556}") = "ThePayrollApp", "ThePayrollApp\ThePayrollApp.csproj", "{611C947C-ABB5-4FB9-94B9-70829E1511A1}"
EndProject
Project("{FAE04EC0-301F-11D3-BF4B-00C04F79EFBC}") = "Payroll_Entity", "Payroll_Entity\Payroll_Entity.csproj", "{FAF84FE9-11F3-4270-AB5C-A2A0B2677C46}"
EndProject
Project("{FAE04EC0-301F-11D3-BF4B-00C04F79EFBC}") = "Payroll_Services", "Payroll_Services\Payroll_Services.csproj", "{60D100EE-C982-44B9-867F-B0DB8CDF69B4}"
EndProject
Project("{FAE04EC0-301F-11D3-BF4B-00C04F79EFBC}") = "Payroll_Domain", "Payroll_Domain\Payroll_Domain.csproj", "{B128F679-86BC-45EB-B74A-D549AD962903}"
EndProject
Global
	GlobalSection(SolutionConfigurationPlatforms) = preSolution
		Debug|Any CPU = Debug|Any CPU
		Release|Any CPU = Release|Any CPU
	EndGlobalSection
	GlobalSection(ProjectConfigurationPlatforms) = postSolution
		{611C947C-ABB5-4FB9-94B9-70829E1511A1}.Debug|Any CPU.ActiveCfg = Debug|Any CPU
		{611C947C-ABB5-4FB9-94B9-70829E1511A1}.Debug|Any CPU.Build.0 = Debug|Any CPU
		{611C947C-ABB5-4FB9-94B9-70829E1511A1}.Release|Any CPU.ActiveCfg = Release|Any CPU
		{611C947C-ABB5-4FB9-94B9-70829E1511A1}.Release|Any CPU.Build.0 = Release|Any CPU
		{FAF84FE9-11F3-4270-AB5C-A2A0B2677C46}.Debug|Any CPU.ActiveCfg = Debug|Any CPU
		{FAF84FE9-11F3-4270-AB5C-A2A0B2677C46}.Debug|Any CPU.Build.0 = Debug|Any CPU
		{FAF84FE9-11F3-4270-AB5C-A2A0B2677C46}.Release|Any CPU.ActiveCfg = Release|Any CPU
		{FAF84FE9-11F3-4270-AB5C-A2A0B2677C46}.Release|Any CPU.Build.0 = Release|Any CPU
		{60D100EE-C982-44B9-867F-B0DB8CDF69B4}.Debug|Any CPU.ActiveCfg = Debug|Any CPU
		{60D100EE-C982-44B9-867F-B0DB8CDF69B4}.Debug|Any CPU.Build.0 = Debug|Any CPU
		{60D100EE-C982-44B9-867F-B0DB8CDF69B4}.Release|Any CPU.ActiveCfg = Release|Any CPU
		{60D100EE-C982-44B9-867F-B0DB8CDF69B4}.Release|Any CPU.Build.0 = Release|Any CPU
		{B128F679-86BC-45EB-B74A-D549AD962903}.Debug|Any CPU.ActiveCfg = Debug|Any CPU
		{B128F679-86BC-45EB-B74A-D549AD962903}.Debug|Any CPU.Build.0 = Debug|Any CPU
		{B128F679-86BC-45EB-B74A-D549AD962903}.Release|Any CPU.ActiveCfg = Release|Any CPU
		{B128F679-86BC-45EB-B74A-D549AD962903}.Release|Any CPU.Build.0 = Release|Any CPU
	EndGlobalSection
	GlobalSection(SolutionProperties) = preSolution
		HideSolutionNode = FALSE
	EndGlobalSection
	GlobalSection(ExtensibilityGlobals) = postSolution
		SolutionGuid = {2F539C2B-0AA3-45AA-AB03-36F537C9BE24}
	EndGlobalSection
EndGlobal
